
Microsoft Visual Studio Solution File, Format Version 12.00
# Visual Studio Version 16
VisualStudioVersion = 16.0.31005.135
MinimumVisualStudioVersion = 10.0.40219.1
Project("{FAE04EC0-301F-11D3-BF4B-00C04F79EFBC}") = "Listen in Klassen", "Listen in Klassen\Listen in Klassen.csproj", "{EDE260E5-29B0-49FC-B2D8-5D6024247459}"
EndProject
Global
	GlobalSection(SolutionConfigurationPlatforms) = preSolution
		Debug|Any CPU = Debug|Any CPU
		Release|Any CPU = Release|Any CPU
	EndGlobalSection
	GlobalSection(ProjectConfigurationPlatforms) = postSolution
		{EDE260E5-29B0-49FC-B2D8-5D6024247459}.Debug|Any CPU.ActiveCfg = Debug|Any CPU
		{EDE260E5-29B0-49FC-B2D8-5D6024247459}.Debug|Any CPU.Build.0 = Debug|Any CPU
		{EDE260E5-29B0-49FC-B2D8-5D6024247459}.Release|Any CPU.ActiveCfg = Release|Any CPU
		{EDE260E5-29B0-49FC-B2D8-5D6024247459}.Release|Any CPU.Build.0 = Release|Any CPU
	EndGlobalSection
	GlobalSection(SolutionProperties) = preSolution
		HideSolutionNode = FALSE
	EndGlobalSection
	GlobalSection(ExtensibilityGlobals) = postSolution
		SolutionGuid = {EA232899-FAE1-43C4-A8C4-5274ED13BABB}
	EndGlobalSection
EndGlobal
